
Microsoft Visual Studio Solution File, Format Version 12.00
# Visual Studio 15
VisualStudioVersion = 15.0.27428.2037
MinimumVisualStudioVersion = 10.0.40219.1
Project("{FAE04EC0-301F-11D3-BF4B-00C04F79EFBC}") = "BlockchainDemo", "BlockchainDemo\BlockchainDemo.csproj", "{3B9B432F-A366-47C9-83CB-F5BEF3E349DE}"
EndProject
Global
	GlobalSection(SolutionConfigurationPlatforms) = preSolution
		Debug|Any CPU = Debug|Any CPU
		Release|Any CPU = Release|Any CPU
	EndGlobalSection
	GlobalSection(ProjectConfigurationPlatforms) = postSolution
		{3B9B432F-A366-47C9-83CB-F5BEF3E349DE}.Debug|Any CPU.ActiveCfg = Debug|Any CPU
		{3B9B432F-A366-47C9-83CB-F5BEF3E349DE}.Debug|Any CPU.Build.0 = Debug|Any CPU
		{3B9B432F-A366-47C9-83CB-F5BEF3E349DE}.Release|Any CPU.ActiveCfg = Release|Any CPU
		{3B9B432F-A366-47C9-83CB-F5BEF3E349DE}.Release|Any CPU.Build.0 = Release|Any CPU
	EndGlobalSection
	GlobalSection(SolutionProperties) = preSolution
		HideSolutionNode = FALSE
	EndGlobalSection
	GlobalSection(ExtensibilityGlobals) = postSolution
		SolutionGuid = {5681678D-215D-4249-B99A-0A33CD9945E8}
	EndGlobalSection
EndGlobal
